
Microsoft Visual Studio Solution File, Format Version 12.00
# Visual Studio Version 16
VisualStudioVersion = 16.0.30523.141
MinimumVisualStudioVersion = 10.0.40219.1
Project("{8BC9CEB8-8B4A-11D0-8D11-00A0C91BC942}") = "1", "1.vcxproj", "{661BCA88-DA5D-476C-A85C-8C98D71FFDE4}"
EndProject
Global
	GlobalSection(SolutionConfigurationPlatforms) = preSolution
		Debug|x64 = Debug|x64
		Debug|x86 = Debug|x86
		Release|x64 = Release|x64
		Release|x86 = Release|x86
	EndGlobalSection
	GlobalSection(ProjectConfigurationPlatforms) = postSolution
		{661BCA88-DA5D-476C-A85C-8C98D71FFDE4}.Debug|x64.ActiveCfg = Debug|x64
		{661BCA88-DA5D-476C-A85C-8C98D71FFDE4}.Debug|x64.Build.0 = Debug|x64
		{661BCA88-DA5D-476C-A85C-8C98D71FFDE4}.Debug|x86.ActiveCfg = Debug|Win32
		{661BCA88-DA5D-476C-A85C-8C98D71FFDE4}.Debug|x86.Build.0 = Debug|Win32
		{661BCA88-DA5D-476C-A85C-8C98D71FFDE4}.Release|x64.ActiveCfg = Release|x64
		{661BCA88-DA5D-476C-A85C-8C98D71FFDE4}.Release|x64.Build.0 = Release|x64
		{661BCA88-DA5D-476C-A85C-8C98D71FFDE4}.Release|x86.ActiveCfg = Release|Win32
		{661BCA88-DA5D-476C-A85C-8C98D71FFDE4}.Release|x86.Build.0 = Release|Win32
	EndGlobalSection
	GlobalSection(SolutionProperties) = preSolution
		HideSolutionNode = FALSE
	EndGlobalSection
	GlobalSection(ExtensibilityGlobals) = postSolution
		SolutionGuid = {698097F0-73CA-429B-8727-19D38776E89A}
	EndGlobalSection
EndGlobal
